<?xml version="1.0" encoding="utf-8"?>
<Project ToolsVersion="4.0" xmlns="http://schemas.microsoft.com/developer/msbuild/2003">
  <ItemGroup>
    <Filter Include="Source Files">
      <UniqueIdentifier>{685fbabb-524c-4c43-8722-d1259515e94a}</UniqueIdentifier>
      <Extensions>cpp;c;cxx;rc;def;r;odl;idl;hpj;bat</Extensions>
    </Filter>
    <Filter Include="Header Files">
      <UniqueIdentifier>{4d5f055f-a125-475b-9ebc-c9a9f779d9f6}</UniqueIdentifier>
      <Extensions>h;hpp;hxx;hm;inl</Extensions>
    </Filter>
    <Filter Include="Reference">
      <UniqueIdentifier>{7c67b3fb-6835-4c46-9706-9102b8ad1a39}</UniqueIdentifier>
    </Filter>
  </ItemGroup>
  <ItemGroup>
    <ClCompile Include="N3AnimControl.cpp">
      <Filter>Source Files</Filter>
    </ClCompile>
    <ClCompile Include="N3AnimKey.cpp">
      <Filter>Source Files</Filter>
    </ClCompile>
    <ClCompile Include="N3Base.cpp">
      <Filter>Source Files</Filter>
    </ClCompile>
    <ClCompile Include="N3Camera.cpp">
      <Filter>Source Files</Filter>
    </ClCompile>
    <ClCompile Include="N3Chr.cpp">
      <Filter>Source Files</Filter>
    </ClCompile>
    <ClCompile Include="N3Eng.cpp">
      <Filter>Source Files</Filter>
    </ClCompile>
    <ClCompile Include="N3IMesh.cpp">
      <Filter>Source Files</Filter>
    </ClCompile>
    <ClCompile Include="N3Joint.cpp">
      <Filter>Source Files</Filter>
    </ClCompile>
    <ClCompile Include="N3Light.cpp">
      <Filter>Source Files</Filter>
    </ClCompile>
    <ClCompile Include="N3Mesh.cpp">
      <Filter>Source Files</Filter>
    </ClCompile>
    <ClCompile Include="N3Moon.cpp">
      <Filter>Source Files</Filter>
    </ClCompile>
    <ClCompile Include="N3PMesh.cpp">
      <Filter>Source Files</Filter>
    </ClCompile>
    <ClCompile Include="N3PMeshCreate.cpp">
      <Filter>Source Files</Filter>
    </ClCompile>
    <ClCompile Include="N3PMeshInstance.cpp">
      <Filter>Source Files</Filter>
    </ClCompile>
    <ClCompile Include="N3River2.cpp">
      <Filter>Source Files</Filter>
    </ClCompile>
    <ClCompile Include="N3Scene.cpp">
      <Filter>Source Files</Filter>
    </ClCompile>
    <ClCompile Include="N3Shape.cpp">
      <Filter>Source Files</Filter>
    </ClCompile>
    <ClCompile Include="N3Skin.cpp">
      <Filter>Source Files</Filter>
    </ClCompile>
    <ClCompile Include="N3Texture.cpp">
      <Filter>Source Files</Filter>
    </ClCompile>
    <ClCompile Include="N3Transform.cpp">
      <Filter>Source Files</Filter>
    </ClCompile>
    <ClCompile Include="N3TransformCollision.cpp">
      <Filter>Source Files</Filter>
    </ClCompile>
    <ClCompile Include="N3VMesh.cpp">
      <Filter>Source Files</Filter>
    </ClCompile>
    <ClCompile Include="Pick.cpp">
      <Filter>Source Files</Filter>
    </ClCompile>
  </ItemGroup>
  <ItemGroup>
    <ClInclude Include="My_3DStruct.h">
      <Filter>Header Files</Filter>
    </ClInclude>
    <ClInclude Include="My_3DStructExt.h">
      <Filter>Header Files</Filter>
    </ClInclude>
    <ClInclude Include="My_Macro.h">
      <Filter>Header Files</Filter>
    </ClInclude>
    <ClInclude Include="N3AnimControl.h">
      <Filter>Header Files</Filter>
    </ClInclude>
    <ClInclude Include="N3AnimKey.h">
      <Filter>Header Files</Filter>
    </ClInclude>
    <ClInclude Include="N3Base.h">
      <Filter>Header Files</Filter>
    </ClInclude>
    <ClInclude Include="N3Camera.h">
      <Filter>Header Files</Filter>
    </ClInclude>
    <ClInclude Include="N3Chr.h">
      <Filter>Header Files</Filter>
    </ClInclude>
    <ClInclude Include="N3DMesh.h">
      <Filter>Header Files</Filter>
    </ClInclude>
    <ClInclude Include="N3DUtil.h">
      <Filter>Header Files</Filter>
    </ClInclude>
    <ClInclude Include="N3Eng.h">
      <Filter>Header Files</Filter>
    </ClInclude>
    <ClInclude Include="N3IMesh.h">
      <Filter>Header Files</Filter>
    </ClInclude>
    <ClInclude Include="N3Joint.h">
      <Filter>Header Files</Filter>
    </ClInclude>
    <ClInclude Include="N3Light.h">
      <Filter>Header Files</Filter>
    </ClInclude>
    <ClInclude Include="N3LinkedList.h">
      <Filter>Header Files</Filter>
    </ClInclude>
    <ClInclude Include="N3Mesh.h">
      <Filter>Header Files</Filter>
    </ClInclude>
    <ClInclude Include="N3Mng.h">
      <Filter>Header Files</Filter>
    </ClInclude>
    <ClInclude Include="N3Moon.h">
      <Filter>Header Files</Filter>
    </ClInclude>
    <ClInclude Include="N3PMesh.h">
      <Filter>Header Files</Filter>
    </ClInclude>
    <ClInclude Include="N3PMeshCreate.h">
      <Filter>Header Files</Filter>
    </ClInclude>
    <ClInclude Include="N3PMeshInstance.h">
      <Filter>Header Files</Filter>
    </ClInclude>
    <ClInclude Include="N3River2.h">
      <Filter>Header Files</Filter>
    </ClInclude>
    <ClInclude Include="N3Scene.h">
      <Filter>Header Files</Filter>
    </ClInclude>
    <ClInclude Include="N3Shape.h">
      <Filter>Header Files</Filter>
    </ClInclude>
    <ClInclude Include="N3Skin.h">
      <Filter>Header Files</Filter>
    </ClInclude>
    <ClInclude Include="N3SMesh.h">
      <Filter>Header Files</Filter>
    </ClInclude>
    <ClInclude Include="N3SubScene.h">
      <Filter>Header Files</Filter>
    </ClInclude>
    <ClInclude Include="N3Texture.h">
      <Filter>Header Files</Filter>
    </ClInclude>
    <ClInclude Include="N3Transform.h">
      <Filter>Header Files</Filter>
    </ClInclude>
    <ClInclude Include="N3TransformCollision.h">
      <Filter>Header Files</Filter>
    </ClInclude>
    <ClInclude Include="N3VectorAndMatrix.h">
      <Filter>Header Files</Filter>
    </ClInclude>
    <ClInclude Include="N3VMesh.h">
      <Filter>Header Files</Filter>
    </ClInclude>
    <ClInclude Include="Pick.h">
      <Filter>Header Files</Filter>
    </ClInclude>
  </ItemGroup>
  <ItemGroup>
    <CustomBuild Include="N3DUtil.inl">
      <Filter>Header Files</Filter>
    </CustomBuild>
    <CustomBuild Include="N3VectorAndMatrix.inl">
      <Filter>Header Files</Filter>
    </CustomBuild>
  </ItemGroup>
</Project>